github.com/golang-migrate/migrate/v4 v4.16.0 h1:FU2GR7EdAO0LmhNLcKthfDzuYCtMcWNR7rUbZjsgH3o=
github.com/golang-migrate/migrate/v4 v4.16.0/go.mod h1:qXiwa/3Zeqaltm1MxOCZDYysW/F6folYiBgBG03l9hc=
github.com/hashicorp/errwrap v1.1.0 h1:OxrOeh75EUXMY8TBjag2fzXGZ40LB6IKw45YeGUDY2I=
github.com/hashicorp/go-multierror v1.1.1 h1:H5DkEtf6CXdFp0N0Em5UCwQpXMWke8IA0+lD48awMYo=
github.com/lib/pq v1.10.9 h1:YXG7RB+JIjhP29X+OtkiDnYaXQwpS4JEWq7dtCCRUEw=
github.com/lib/pq v1.10.9/go.mod h1:AlVN5x4E4T544tWzH6hKfbfQvm3HdbOxrmggDNAPY9o=
go.uber.org/atomic v1.7.0 h1:ADUqmZGgLDDfbSL9ZmPxKTybcoEYHgpYfELNoN+7hsw=
